
Microsoft Visual Studio Solution File, Format Version 12.00
# Visual Studio Version 17
VisualStudioVersion = 17.14.36221.1 d17.14
MinimumVisualStudioVersion = 10.0.40219.1
Project("{FAE04EC0-301F-11D3-BF4B-00C04F79EFBC}") = "ACTIVITY 7_MOREJON", "ACTIVITY 7_MOREJON\ACTIVITY 7_MOREJON.csproj", "{AE6523ED-6220-4338-8B5E-E19E82C9D0D0}"
EndProject
Global
	GlobalSection(SolutionConfigurationPlatforms) = preSolution
		Debug|Any CPU = Debug|Any CPU
		Release|Any CPU = Release|Any CPU
	EndGlobalSection
	GlobalSection(ProjectConfigurationPlatforms) = postSolution
		{AE6523ED-6220-4338-8B5E-E19E82C9D0D0}.Debug|Any CPU.ActiveCfg = Debug|Any CPU
		{AE6523ED-6220-4338-8B5E-E19E82C9D0D0}.Debug|Any CPU.Build.0 = Debug|Any CPU
		{AE6523ED-6220-4338-8B5E-E19E82C9D0D0}.Release|Any CPU.ActiveCfg = Release|Any CPU
		{AE6523ED-6220-4338-8B5E-E19E82C9D0D0}.Release|Any CPU.Build.0 = Release|Any CPU
	EndGlobalSection
	GlobalSection(SolutionProperties) = preSolution
		HideSolutionNode = FALSE
	EndGlobalSection
	GlobalSection(ExtensibilityGlobals) = postSolution
		SolutionGuid = {FEF8D718-3448-445B-B24B-F98B36BF1122}
	EndGlobalSection
EndGlobal
